
Microsoft Visual Studio Solution File, Format Version 12.00
# Visual Studio Version 17
VisualStudioVersion = 17.0.32112.339
MinimumVisualStudioVersion = 10.0.40219.1
Project("{9A19103F-16F7-4668-BE54-9A1E7A4F7556}") = "CookieIdentity", "CookieIdentity\CookieIdentity.csproj", "{EBC88F8E-727F-4943-BC33-7AD02C4ED225}"
EndProject
Global
	GlobalSection(SolutionConfigurationPlatforms) = preSolution
		Debug|Any CPU = Debug|Any CPU
		Release|Any CPU = Release|Any CPU
	EndGlobalSection
	GlobalSection(ProjectConfigurationPlatforms) = postSolution
		{EBC88F8E-727F-4943-BC33-7AD02C4ED225}.Debug|Any CPU.ActiveCfg = Debug|Any CPU
		{EBC88F8E-727F-4943-BC33-7AD02C4ED225}.Debug|Any CPU.Build.0 = Debug|Any CPU
		{EBC88F8E-727F-4943-BC33-7AD02C4ED225}.Release|Any CPU.ActiveCfg = Release|Any CPU
		{EBC88F8E-727F-4943-BC33-7AD02C4ED225}.Release|Any CPU.Build.0 = Release|Any CPU
	EndGlobalSection
	GlobalSection(SolutionProperties) = preSolution
		HideSolutionNode = FALSE
	EndGlobalSection
	GlobalSection(ExtensibilityGlobals) = postSolution
		SolutionGuid = {31C91AF3-C3E1-48FA-BA56-A0A2F235579E}
	EndGlobalSection
EndGlobal
